
Microsoft Visual Studio Solution File, Format Version 12.00
# Visual Studio Version 17
VisualStudioVersion = 17.12.35424.110 d17.12
MinimumVisualStudioVersion = 10.0.40219.1
Project("{FAE04EC0-301F-11D3-BF4B-00C04F79EFBC}") = "Domain", "Domain\Domain.csproj", "{894307C7-562C-4827-A90F-3A57E726E77F}"
EndProject
Project("{FAE04EC0-301F-11D3-BF4B-00C04F79EFBC}") = "Presentation", "Presentation\Presentation.csproj", "{3DC5635E-9EF6-4F5B-8297-B307A411CFF0}"
EndProject
Project("{FAE04EC0-301F-11D3-BF4B-00C04F79EFBC}") = "TestProject", "TestProject\TestProject.csproj", "{D7F4E37E-2F05-48CF-8769-4B795F0F5CE5}"
EndProject
Global
	GlobalSection(SolutionConfigurationPlatforms) = preSolution
		Debug|Any CPU = Debug|Any CPU
		Release|Any CPU = Release|Any CPU
	EndGlobalSection
	GlobalSection(ProjectConfigurationPlatforms) = postSolution
		{894307C7-562C-4827-A90F-3A57E726E77F}.Debug|Any CPU.ActiveCfg = Debug|Any CPU
		{894307C7-562C-4827-A90F-3A57E726E77F}.Debug|Any CPU.Build.0 = Debug|Any CPU
		{894307C7-562C-4827-A90F-3A57E726E77F}.Release|Any CPU.ActiveCfg = Release|Any CPU
		{894307C7-562C-4827-A90F-3A57E726E77F}.Release|Any CPU.Build.0 = Release|Any CPU
		{3DC5635E-9EF6-4F5B-8297-B307A411CFF0}.Debug|Any CPU.ActiveCfg = Debug|Any CPU
		{3DC5635E-9EF6-4F5B-8297-B307A411CFF0}.Debug|Any CPU.Build.0 = Debug|Any CPU
		{3DC5635E-9EF6-4F5B-8297-B307A411CFF0}.Release|Any CPU.ActiveCfg = Release|Any CPU
		{3DC5635E-9EF6-4F5B-8297-B307A411CFF0}.Release|Any CPU.Build.0 = Release|Any CPU
		{D7F4E37E-2F05-48CF-8769-4B795F0F5CE5}.Debug|Any CPU.ActiveCfg = Debug|Any CPU
		{D7F4E37E-2F05-48CF-8769-4B795F0F5CE5}.Debug|Any CPU.Build.0 = Debug|Any CPU
		{D7F4E37E-2F05-48CF-8769-4B795F0F5CE5}.Release|Any CPU.ActiveCfg = Release|Any CPU
		{D7F4E37E-2F05-48CF-8769-4B795F0F5CE5}.Release|Any CPU.Build.0 = Release|Any CPU
	EndGlobalSection
	GlobalSection(SolutionProperties) = preSolution
		HideSolutionNode = FALSE
	EndGlobalSection
EndGlobal
